// !$*UTF8*$!
{
	archiveVersion = 1;
	classes = {
	};
	objectVersion = 55;
	objects = {

/* Begin PBXBuildFile section */
		4162505E2765C76900E9539A /* AppDelegate.swift in Sources */ = {isa = PBXBuildFile; fileRef = 4162505D2765C76900E9539A /* AppDelegate.swift */; };
		416250602765C76900E9539A /* SceneDelegate.swift in Sources */ = {isa = PBXBuildFile; fileRef = 4162505F2765C76900E9539A /* SceneDelegate.swift */; };
		416250622765C76900E9539A /* ViewController.swift in Sources */ = {isa = PBXBuildFile; fileRef = 416250612765C76900E9539A /* ViewController.swift */; };
		416250652765C76900E9539A /* Main.storyboard in Resources */ = {isa = PBXBuildFile; fileRef = 416250632765C76900E9539A /* Main.storyboard */; };
		416250672765C76D00E9539A /* Assets.xcassets in Resources */ = {isa = PBXBuildFile; fileRef = 416250662765C76D00E9539A /* Assets.xcassets */; };
		4162506A2765C76D00E9539A /* LaunchScreen.storyboard in Resources */ = {isa = PBXBuildFile; fileRef = 416250682765C76D00E9539A /* LaunchScreen.storyboard */; };
		416250752765D43A00E9539A /* Realm in Frameworks */ = {isa = PBXBuildFile; productRef = 416250742765D43A00E9539A /* Realm */; };
		416250772765D43A00E9539A /* RealmSwift in Frameworks */ = {isa = PBXBuildFile; productRef = 416250762765D43A00E9539A /* RealmSwift */; };
		416250792765D4DE00E9539A /* PhrasePodket.swift in Sources */ = {isa = PBXBuildFile; fileRef = 416250782765D4DE00E9539A /* PhrasePodket.swift */; };
/* End PBXBuildFile section */

/* Begin PBXFileReference section */
		4162505A2765C76900E9539A /* PhrasePocket.app */ = {isa = PBXFileReference; explicitFileType = wrapper.application; includeInIndex = 0; path = PhrasePocket.app; sourceTree = BUILT_PRODUCTS_DIR; };
		4162505D2765C76900E9539A /* AppDelegate.swift */ = {isa = PBXFileReference; lastKnownFileType = sourcecode.swift; path = AppDelegate.swift; sourceTree = "<group>"; };
		4162505F2765C76900E9539A /* SceneDelegate.swift */ = {isa = PBXFileReference; lastKnownFileType = sourcecode.swift; path = SceneDelegate.swift; sourceTree = "<group>"; };
		416250612765C76900E9539A /* ViewController.swift */ = {isa = PBXFileReference; lastKnownFileType = sourcecode.swift; path = ViewController.swift; sourceTree = "<group>"; };
		416250642765C76900E9539A /* Base */ = {isa = PBXFileReference; lastKnownFileType = file.storyboard; name = Base; path = Base.lproj/Main.storyboard; sourceTree = "<group>"; };
		416250662765C76D00E9539A /* Assets.xcassets */ = {isa = PBXFileReference; lastKnownFileType = folder.assetcatalog; path = Assets.xcassets; sourceTree = "<group>"; };
		416250692765C76D00E9539A /* Base */ = {isa = PBXFileReference; lastKnownFileType = file.storyboard; name = Base; path = Base.lproj/LaunchScreen.storyboard; sourceTree = "<group>"; };
		4162506B2765C76D00E9539A /* Info.plist */ = {isa = PBXFileReference; lastKnownFileType = text.plist.xml; path = Info.plist; sourceTree = "<group>"; };
		416250782765D4DE00E9539A /* PhrasePodket.swift */ = {isa = PBXFileReference; lastKnownFileType = sourcecode.swift; path = PhrasePodket.swift; sourceTree = "<group>"; };
/* End PBXFileReference section */

/* Begin PBXFrameworksBuildPhase section */
		416250572765C76900E9539A /* Frameworks */ = {
			isa = PBXFrameworksBuildPhase;
			buildActionMask = 2147483647;
			files = (
				416250772765D43A00E9539A /* RealmSwift in Frameworks */,
				416250752765D43A00E9539A /* Realm in Frameworks */,
			);
			runOnlyForDeploymentPostprocessing = 0;
		};
/* End PBXFrameworksBuildPhase section */

/* Begin PBXGroup section */
		416250512765C76800E9539A = {
			isa = PBXGroup;
			children = (
				4162505C2765C76900E9539A /* PhrasePocket */,
				4162505B2765C76900E9539A /* Products */,
			);
			sourceTree = "<group>";
		};
		4162505B2765C76900E9539A /* Products */ = {
			isa = PBXGroup;
			children = (
				4162505A2765C76900E9539A /* PhrasePocket.app */,
			);
			name = Products;
			sourceTree = "<group>";
		};
		4162505C2765C76900E9539A /* PhrasePocket */ = {
			isa = PBXGroup;
			children = (
				4162505D2765C76900E9539A /* AppDelegate.swift */,
				4162505F2765C76900E9539A /* SceneDelegate.swift */,
				416250782765D4DE00E9539A /* PhrasePodket.swift */,
				416250612765C76900E9539A /* ViewController.swift */,
				416250632765C76900E9539A /* Main.storyboard */,
				416250662765C76D00E9539A /* Assets.xcassets */,
				416250682765C76D00E9539A /* LaunchScreen.storyboard */,
				4162506B2765C76D00E9539A /* Info.plist */,
			);
			path = PhrasePocket;
			sourceTree = "<group>";
		};
/* End PBXGroup section */

/* Begin PBXNativeTarget section */
		416250592765C76900E9539A /* PhrasePocket */ = {
			isa = PBXNativeTarget;
			buildConfigurationList = 4162506E2765C76D00E9539A /* Build configuration list for PBXNativeTarget "PhrasePocket" */;
			buildPhases = (
				416250562765C76900E9539A /* Sources */,
				416250572765C76900E9539A /* Frameworks */,
				416250582765C76900E9539A /* Resources */,
			);
			buildRules = (
			);
			dependencies = (
			);
			name = PhrasePocket;
			packageProductDependencies = (
				416250742765D43A00E9539A /* Realm */,
				416250762765D43A00E9539A /* RealmSwift */,
			);
			productName = PhrasePocket;
			productReference = 4162505A2765C76900E9539A /* PhrasePocket.app */;
			productType = "com.apple.product-type.application";
		};
/* End PBXNativeTarget section */

/* Begin PBXProject section */
		416250522765C76900E9539A /* Project object */ = {
			isa = PBXProject;
			attributes = {
				BuildIndependentTargetsInParallel = 1;
				LastSwiftUpdateCheck = 1310;
				LastUpgradeCheck = 1310;
				TargetAttributes = {
					416250592765C76900E9539A = {
						CreatedOnToolsVersion = 13.1;
					};
				};
			};
			buildConfigurationList = 416250552765C76900E9539A /* Build configuration list for PBXProject "PhrasePocket" */;
			compatibilityVersion = "Xcode 13.0";
			developmentRegion = en;
			hasScannedForEncodings = 0;
			knownRegions = (
				en,
				Base,
			);
			mainGroup = 416250512765C76800E9539A;
			packageReferences = (
				416250732765D43A00E9539A /* XCRemoteSwiftPackageReference "realm-cocoa" */,
			);
			productRefGroup = 4162505B2765C76900E9539A /* Products */;
			projectDirPath = "";
			projectRoot = "";
			targets = (
				416250592765C76900E9539A /* PhrasePocket */,
			);
		};
/* End PBXProject section */

/* Begin PBXResourcesBuildPhase section */
		416250582765C76900E9539A /* Resources */ = {
			isa = PBXResourcesBuildPhase;
			buildActionMask = 2147483647;
			files = (
				4162506A2765C76D00E9539A /* LaunchScreen.storyboard in Resources */,
				416250672765C76D00E9539A /* Assets.xcassets in Resources */,
				416250652765C76900E9539A /* Main.storyboard in Resources */,
			);
			runOnlyForDeploymentPostprocessing = 0;
		};
/* End PBXResourcesBuildPhase section */

/* Begin PBXSourcesBuildPhase section */
		416250562765C76900E9539A /* Sources */ = {
			isa = PBXSourcesBuildPhase;
			buildActionMask = 2147483647;
			files = (
				416250622765C76900E9539A /* ViewController.swift in Sources */,
				4162505E2765C76900E9539A /* AppDelegate.swift in Sources */,
				416250602765C76900E9539A /* SceneDelegate.swift in Sources */,
				416250792765D4DE00E9539A /* PhrasePodket.swift in Sources */,
			);
			runOnlyForDeploymentPostprocessing = 0;
		};
/* End PBXSourcesBuildPhase section */

/* Begin PBXVariantGroup section */
		416250632765C76900E9539A /* Main.storyboard */ = {
			isa = PBXVariantGroup;
			children = (
				416250642765C76900E9539A /* Base */,
			);
			name = Main.storyboard;
			sourceTree = "<group>";
		};
		416250682765C76D00E9539A /* LaunchScreen.storyboard */ = {
			isa = PBXVariantGroup;
			children = (
				416250692765C76D00E9539A /* Base */,
			);
			name = LaunchScreen.storyboard;
			sourceTree = "<group>";
		};
/* End PBXVariantGroup section */

/* Begin XCBuildConfiguration section */
		4162506C2765C76D00E9539A /* Debug */ = {
			isa = XCBuildConfiguration;
			buildSettings = {
				ALWAYS_SEARCH_USER_PATHS = NO;
				CLANG_ANALYZER_NONNULL = YES;
				CLANG_ANALYZER_NUMBER_OBJECT_CONVERSION = YES_AGGRESSIVE;
				CLANG_CXX_LANGUAGE_STANDARD = "gnu++17";
				CLANG_CXX_LIBRARY = "libc++";
				CLANG_ENABLE_MODULES = YES;
				CLANG_ENABLE_OBJC_ARC = YES;
				CLANG_ENABLE_OBJC_WEAK = YES;
				CLANG_WARN_BLOCK_CAPTURE_AUTORELEASING = YES;
				CLANG_WARN_BOOL_CONVERSION = YES;
				CLANG_WARN_COMMA = YES;
				CLANG_WARN_CONSTANT_CONVERSION = YES;
				CLANG_WARN_DEPRECATED_OBJC_IMPLEMENTATIONS = YES;
				CLANG_WARN_DIRECT_OBJC_ISA_USAGE = YES_ERROR;
				CLANG_WARN_DOCUMENTATION_COMMENTS = YES;
				CLANG_WARN_EMPTY_BODY = YES;
				CLANG_WARN_ENUM_CONVERSION = YES;
				CLANG_WARN_INFINITE_RECURSION = YES;
				CLANG_WARN_INT_CONVERSION = YES;
				CLANG_WARN_NON_LITERAL_NULL_CONVERSION = YES;
				CLANG_WARN_OBJC_IMPLICIT_RETAIN_SELF = YES;
				CLANG_WARN_OBJC_LITERAL_CONVERSION = YES;
				CLANG_WARN_OBJC_ROOT_CLASS = YES_ERROR;
				CLANG_WARN_QUOTED_INCLUDE_IN_FRAMEWORK_HEADER = YES;
				CLANG_WARN_RANGE_LOOP_ANALYSIS = YES;
				CLANG_WARN_STRICT_PROTOTYPES = YES;
				CLANG_WARN_SUSPICIOUS_MOVE = YES;
				CLANG_WARN_UNGUARDED_AVAILABILITY = YES_AGGRESSIVE;
				CLANG_WARN_UNREACHABLE_CODE = YES;
				CLANG_WARN__DUPLICATE_METHOD_MATCH = YES;
				COPY_PHASE_STRIP = NO;
				DEBUG_INFORMATION_FORMAT = dwarf;
				ENABLE_STRICT_OBJC_MSGSEND = YES;
				ENABLE_TESTABILITY = YES;
				GCC_C_LANGUAGE_STANDARD = gnu11;
				GCC_DYNAMIC_NO_PIC = NO;
				GCC_NO_COMMON_BLOCKS = YES;
				GCC_OPTIMIZATION_LEVEL = 0;
				GCC_PREPROCESSOR_DEFINITIONS = (
					"DEBUG=1",
					"$(inherited)",
				);
				GCC_WARN_64_TO_32_BIT_CONVERSION = YES;
				GCC_WARN_ABOUT_RETURN_TYPE = YES_ERROR;
				GCC_WARN_UNDECLARED_SELECTOR = YES;
				GCC_WARN_UNINITIALIZED_AUTOS = YES_AGGRESSIVE;
				GCC_WARN_UNUSED_FUNCTION = YES;
				GCC_WARN_UNUSED_VARIABLE = YES;
				IPHONEOS_DEPLOYMENT_TARGET = 15.0;
				MTL_ENABLE_DEBUG_INFO = INCLUDE_SOURCE;
				MTL_FAST_MATH = YES;
				ONLY_ACTIVE_ARCH = YES;
				SDKROOT = iphoneos;
				SWIFT_ACTIVE_COMPILATION_CONDITIONS = DEBUG;
				SWIFT_OPTIMIZATION_LEVEL = "-Onone";
			};
			name = Debug;
		};
		4162506D2765C76D00E9539A /* Release */ = {
			isa = XCBuildConfiguration;
			buildSettings = {
				ALWAYS_SEARCH_USER_PATHS = NO;
				CLANG_ANALYZER_NONNULL = YES;
				CLANG_ANALYZER_NUMBER_OBJECT_CONVERSION = YES_AGGRESSIVE;
				CLANG_CXX_LANGUAGE_STANDARD = "gnu++17";
				CLANG_CXX_LIBRARY = "libc++";
				CLANG_ENABLE_MODULES = YES;
				CLANG_ENABLE_OBJC_ARC = YES;
				CLANG_ENABLE_OBJC_WEAK = YES;
				CLANG_WARN_BLOCK_CAPTURE_AUTORELEASING = YES;
				CLANG_WARN_BOOL_CONVERSION = YES;
				CLANG_WARN_COMMA = YES;
				CLANG_WARN_CONSTANT_CONVERSION = YES;
				CLANG_WARN_DEPRECATED_OBJC_IMPLEMENTATIONS = YES;
				CLANG_WARN_DIRECT_OBJC_ISA_USAGE = YES_ERROR;
				CLANG_WARN_DOCUMENTATION_COMMENTS = YES;
				CLANG_WARN_EMPTY_BODY = YES;
				CLANG_WARN_ENUM_CONVERSION = YES;
				CLANG_WARN_INFINITE_RECURSION = YES;
				CLANG_WARN_INT_CONVERSION = YES;
				CLANG_WARN_NON_LITERAL_NULL_CONVERSION = YES;
				CLANG_WARN_OBJC_IMPLICIT_RETAIN_SELF = YES;
				CLANG_WARN_OBJC_LITERAL_CONVERSION = YES;
				CLANG_WARN_OBJC_ROOT_CLASS = YES_ERROR;
				CLANG_WARN_QUOTED_INCLUDE_IN_FRAMEWORK_HEADER = YES;
				CLANG_WARN_RANGE_LOOP_ANALYSIS = YES;
				CLANG_WARN_STRICT_PROTOTYPES = YES;
				CLANG_WARN_SUSPICIOUS_MOVE = YES;
				CLANG_WARN_UNGUARDED_AVAILABILITY = YES_AGGRESSIVE;
				CLANG_WARN_UNREACHABLE_CODE = YES;
				CLANG_WARN__DUPLICATE_METHOD_MATCH = YES;
				COPY_PHASE_STRIP = NO;
				DEBUG_INFORMATION_FORMAT = "dwarf-with-dsym";
				ENABLE_NS_ASSERTIONS = NO;
				ENABLE_STRICT_OBJC_MSGSEND = YES;
				GCC_C_LANGUAGE_STANDARD = gnu11;
				GCC_NO_COMMON_BLOCKS = YES;
				GCC_WARN_64_TO_32_BIT_CONVERSION = YES;
				GCC_WARN_ABOUT_RETURN_TYPE = YES_ERROR;
				GCC_WARN_UNDECLARED_SELECTOR = YES;
				GCC_WARN_UNINITIALIZED_AUTOS = YES_AGGRESSIVE;
				GCC_WARN_UNUSED_FUNCTION = YES;
				GCC_WARN_UNUSED_VARIABLE = YES;
				IPHONEOS_DEPLOYMENT_TARGET = 15.0;
				MTL_ENABLE_DEBUG_INFO = NO;
				MTL_FAST_MATH = YES;
				SDKROOT = iphoneos;
				SWIFT_COMPILATION_MODE = wholemodule;
				SWIFT_OPTIMIZATION_LEVEL = "-O";
				VALIDATE_PRODUCT = YES;
			};
			name = Release;
		};
		4162506F2765C76D00E9539A /* Debug */ = {
			isa = XCBuildConfiguration;
			buildSettings = {
				ASSETCATALOG_COMPILER_APPICON_NAME = AppIcon;
				ASSETCATALOG_COMPILER_GLOBAL_ACCENT_COLOR_NAME = AccentColor;
				CODE_SIGN_STYLE = Automatic;
				CURRENT_PROJECT_VERSION = 1;
				GENERATE_INFOPLIST_FILE = YES;
				INFOPLIST_FILE = PhrasePocket/Info.plist;
				INFOPLIST_KEY_UIApplicationSupportsIndirectInputEvents = YES;
				INFOPLIST_KEY_UILaunchStoryboardName = LaunchScreen;
				INFOPLIST_KEY_UIMainStoryboardFile = Main;
				INFOPLIST_KEY_UISupportedInterfaceOrientations_iPad = "UIInterfaceOrientationPortrait UIInterfaceOrientationPortraitUpsideDown UIInterfaceOrientationLandscapeLeft UIInterfaceOrientationLandscapeRight";
				INFOPLIST_KEY_UISupportedInterfaceOrientations_iPhone = "UIInterfaceOrientationPortrait UIInterfaceOrientationLandscapeLeft UIInterfaceOrientationLandscapeRight";
				LD_RUNPATH_SEARCH_PATHS = (
					"$(inherited)",
					"@executable_path/Frameworks",
				);
				MARKETING_VERSION = 1.0;
				PRODUCT_BUNDLE_IDENTIFIER = app.mori.nina.PhrasePocket;
				PRODUCT_NAME = "$(TARGET_NAME)";
				SWIFT_EMIT_LOC_STRINGS = YES;
				SWIFT_VERSION = 5.0;
				TARGETED_DEVICE_FAMILY = "1,2";
			};
			name = Debug;
		};
		416250702765C76D00E9539A /* Release */ = {
			isa = XCBuildConfiguration;
			buildSettings = {
				ASSETCATALOG_COMPILER_APPICON_NAME = AppIcon;
				ASSETCATALOG_COMPILER_GLOBAL_ACCENT_COLOR_NAME = AccentColor;
				CODE_SIGN_STYLE = Automatic;
				CURRENT_PROJECT_VERSION = 1;
				GENERATE_INFOPLIST_FILE = YES;
				INFOPLIST_FILE = PhrasePocket/Info.plist;
				INFOPLIST_KEY_UIApplicationSupportsIndirectInputEvents = YES;
				INFOPLIST_KEY_UILaunchStoryboardName = LaunchScreen;
				INFOPLIST_KEY_UIMainStoryboardFile = Main;
				INFOPLIST_KEY_UISupportedInterfaceOrientations_iPad = "UIInterfaceOrientationPortrait UIInterfaceOrientationPortraitUpsideDown UIInterfaceOrientationLandscapeLeft UIInterfaceOrientationLandscapeRight";
				INFOPLIST_KEY_UISupportedInterfaceOrientations_iPhone = "UIInterfaceOrientationPortrait UIInterfaceOrientationLandscapeLeft UIInterfaceOrientationLandscapeRight";
				LD_RUNPATH_SEARCH_PATHS = (
					"$(inherited)",
					"@executable_path/Frameworks",
				);
				MARKETING_VERSION = 1.0;
				PRODUCT_BUNDLE_IDENTIFIER = app.mori.nina.PhrasePocket;
				PRODUCT_NAME = "$(TARGET_NAME)";
				SWIFT_EMIT_LOC_STRINGS = YES;
				SWIFT_VERSION = 5.0;
				TARGETED_DEVICE_FAMILY = "1,2";
			};
			name = Release;
		};
/* End XCBuildConfiguration section */

/* Begin XCConfigurationList section */
		416250552765C76900E9539A /* Build configuration list for PBXProject "PhrasePocket" */ = {
			isa = XCConfigurationList;
			buildConfigurations = (
				4162506C2765C76D00E9539A /* Debug */,
				4162506D2765C76D00E9539A /* Release */,
			);
			defaultConfigurationIsVisible = 0;
			defaultConfigurationName = Release;
		};
		4162506E2765C76D00E9539A /* Build configuration list for PBXNativeTarget "PhrasePocket" */ = {
			isa = XCConfigurationList;
			buildConfigurations = (
				4162506F2765C76D00E9539A /* Debug */,
				416250702765C76D00E9539A /* Release */,
			);
			defaultConfigurationIsVisible = 0;
			defaultConfigurationName = Release;
		};
/* End XCConfigurationList section */

/* Begin XCRemoteSwiftPackageReference section */
		416250732765D43A00E9539A /* XCRemoteSwiftPackageReference "realm-cocoa" */ = {
			isa = XCRemoteSwiftPackageReference;
			repositoryURL = "https://github.com/realm/realm-cocoa";
			requirement = {
				branch = master;
				kind = branch;
			};
		};
/* End XCRemoteSwiftPackageReference section */

/* Begin XCSwiftPackageProductDependency section */
		416250742765D43A00E9539A /* Realm */ = {
			isa = XCSwiftPackageProductDependency;
			package = 416250732765D43A00E9539A /* XCRemoteSwiftPackageReference "realm-cocoa" */;
			productName = Realm;
		};
		416250762765D43A00E9539A /* RealmSwift */ = {
			isa = XCSwiftPackageProductDependency;
			package = 416250732765D43A00E9539A /* XCRemoteSwiftPackageReference "realm-cocoa" */;
			productName = RealmSwift;
		};
/* End XCSwiftPackageProductDependency section */
	};
	rootObject = 416250522765C76900E9539A /* Project object */;
}
